github.com/StefMa/hugo-fresh v1.0.0 h1:Nxo9WtzfBlaFi1G8NEHQLReJQz+Dn4jRxec+lMrPG6k=
github.com/StefMa/hugo-fresh v1.0.0/go.mod h1:yRzHyco0bfnITjvq7rfAiOADfGMrDlM0kXeKBllUJEc=
github.com/jgthms/bulma v0.0.0-20220508134905-3e00a8e6d0d0/go.mod h1:89FLBKXYFKfOKAoDeUT26V0pHGwzr205cMXAEqtAVOI=
github.com/jgthms/bulma v0.0.0-20230316224009-ca6524c5ae66 h1:t73X9XKvE4C66vlxD+gp9YY+CdtQ0C/w05VO9unyh2s=
github.com/jgthms/bulma v0.0.0-20230316224009-ca6524c5ae66/go.mod h1:89FLBKXYFKfOKAoDeUT26V0pHGwzr205cMXAEqtAVOI=
